
Microsoft Visual Studio Solution File, Format Version 12.00
# Visual Studio Version 16
VisualStudioVersion = 16.0.29609.76
MinimumVisualStudioVersion = 10.0.40219.1
Project("{2150E333-8FDC-42A3-9474-1A3956D46DE8}") = "Ui", "Ui", "{406E4A04-22C7-4EB3-A8B9-BDD5DD6E7662}"
EndProject
Project("{FAE04EC0-301F-11D3-BF4B-00C04F79EFBC}") = "KafkaDockerSample.Ui.Api", "Ui\KafkaDockerSample.Ui.Api\KafkaDockerSample.Ui.Api.csproj", "{92143F7A-E8D0-4B66-958F-EFEE170AB660}"
EndProject
Project("{2150E333-8FDC-42A3-9474-1A3956D46DE8}") = "Core", "Core", "{CDD12657-D4CE-4C76-867E-679F6D9B8C52}"
EndProject
Project("{FAE04EC0-301F-11D3-BF4B-00C04F79EFBC}") = "KafkaDockerSample.Core.Application", "Core\KafkaDockerSample.Core.Application\KafkaDockerSample.Core.Application.csproj", "{6B2F53D6-2E65-41F3-AF63-94AAFCFEA6FD}"
EndProject
Project("{FAE04EC0-301F-11D3-BF4B-00C04F79EFBC}") = "KafkaDockerSample.Core.Domain", "Core\KafkaDockerSample.Core.Domain\KafkaDockerSample.Core.Domain.csproj", "{0F332CBB-DE24-44EB-BBC6-E59A1E6C7A05}"
EndProject
Global
	GlobalSection(SolutionConfigurationPlatforms) = preSolution
		Debug|Any CPU = Debug|Any CPU
		Debug|x64 = Debug|x64
		Debug|x86 = Debug|x86
		Release|Any CPU = Release|Any CPU
		Release|x64 = Release|x64
		Release|x86 = Release|x86
	EndGlobalSection
	GlobalSection(SolutionProperties) = preSolution
		HideSolutionNode = FALSE
	EndGlobalSection
	GlobalSection(ProjectConfigurationPlatforms) = postSolution
		{92143F7A-E8D0-4B66-958F-EFEE170AB660}.Debug|Any CPU.ActiveCfg = Debug|Any CPU
		{92143F7A-E8D0-4B66-958F-EFEE170AB660}.Debug|Any CPU.Build.0 = Debug|Any CPU
		{92143F7A-E8D0-4B66-958F-EFEE170AB660}.Debug|x64.ActiveCfg = Debug|Any CPU
		{92143F7A-E8D0-4B66-958F-EFEE170AB660}.Debug|x64.Build.0 = Debug|Any CPU
		{92143F7A-E8D0-4B66-958F-EFEE170AB660}.Debug|x86.ActiveCfg = Debug|Any CPU
		{92143F7A-E8D0-4B66-958F-EFEE170AB660}.Debug|x86.Build.0 = Debug|Any CPU
		{92143F7A-E8D0-4B66-958F-EFEE170AB660}.Release|Any CPU.ActiveCfg = Release|Any CPU
		{92143F7A-E8D0-4B66-958F-EFEE170AB660}.Release|Any CPU.Build.0 = Release|Any CPU
		{92143F7A-E8D0-4B66-958F-EFEE170AB660}.Release|x64.ActiveCfg = Release|Any CPU
		{92143F7A-E8D0-4B66-958F-EFEE170AB660}.Release|x64.Build.0 = Release|Any CPU
		{92143F7A-E8D0-4B66-958F-EFEE170AB660}.Release|x86.ActiveCfg = Release|Any CPU
		{92143F7A-E8D0-4B66-958F-EFEE170AB660}.Release|x86.Build.0 = Release|Any CPU
		{6B2F53D6-2E65-41F3-AF63-94AAFCFEA6FD}.Debug|Any CPU.ActiveCfg = Debug|Any CPU
		{6B2F53D6-2E65-41F3-AF63-94AAFCFEA6FD}.Debug|Any CPU.Build.0 = Debug|Any CPU
		{6B2F53D6-2E65-41F3-AF63-94AAFCFEA6FD}.Debug|x64.ActiveCfg = Debug|Any CPU
		{6B2F53D6-2E65-41F3-AF63-94AAFCFEA6FD}.Debug|x64.Build.0 = Debug|Any CPU
		{6B2F53D6-2E65-41F3-AF63-94AAFCFEA6FD}.Debug|x86.ActiveCfg = Debug|Any CPU
		{6B2F53D6-2E65-41F3-AF63-94AAFCFEA6FD}.Debug|x86.Build.0 = Debug|Any CPU
		{6B2F53D6-2E65-41F3-AF63-94AAFCFEA6FD}.Release|Any CPU.ActiveCfg = Release|Any CPU
		{6B2F53D6-2E65-41F3-AF63-94AAFCFEA6FD}.Release|Any CPU.Build.0 = Release|Any CPU
		{6B2F53D6-2E65-41F3-AF63-94AAFCFEA6FD}.Release|x64.ActiveCfg = Release|Any CPU
		{6B2F53D6-2E65-41F3-AF63-94AAFCFEA6FD}.Release|x64.Build.0 = Release|Any CPU
		{6B2F53D6-2E65-41F3-AF63-94AAFCFEA6FD}.Release|x86.ActiveCfg = Release|Any CPU
		{6B2F53D6-2E65-41F3-AF63-94AAFCFEA6FD}.Release|x86.Build.0 = Release|Any CPU
		{0F332CBB-DE24-44EB-BBC6-E59A1E6C7A05}.Debug|Any CPU.ActiveCfg = Debug|Any CPU
		{0F332CBB-DE24-44EB-BBC6-E59A1E6C7A05}.Debug|Any CPU.Build.0 = Debug|Any CPU
		{0F332CBB-DE24-44EB-BBC6-E59A1E6C7A05}.Debug|x64.ActiveCfg = Debug|Any CPU
		{0F332CBB-DE24-44EB-BBC6-E59A1E6C7A05}.Debug|x64.Build.0 = Debug|Any CPU
		{0F332CBB-DE24-44EB-BBC6-E59A1E6C7A05}.Debug|x86.ActiveCfg = Debug|Any CPU
		{0F332CBB-DE24-44EB-BBC6-E59A1E6C7A05}.Debug|x86.Build.0 = Debug|Any CPU
		{0F332CBB-DE24-44EB-BBC6-E59A1E6C7A05}.Release|Any CPU.ActiveCfg = Release|Any CPU
		{0F332CBB-DE24-44EB-BBC6-E59A1E6C7A05}.Release|Any CPU.Build.0 = Release|Any CPU
		{0F332CBB-DE24-44EB-BBC6-E59A1E6C7A05}.Release|x64.ActiveCfg = Release|Any CPU
		{0F332CBB-DE24-44EB-BBC6-E59A1E6C7A05}.Release|x64.Build.0 = Release|Any CPU
		{0F332CBB-DE24-44EB-BBC6-E59A1E6C7A05}.Release|x86.ActiveCfg = Release|Any CPU
		{0F332CBB-DE24-44EB-BBC6-E59A1E6C7A05}.Release|x86.Build.0 = Release|Any CPU
	EndGlobalSection
	GlobalSection(NestedProjects) = preSolution
		{92143F7A-E8D0-4B66-958F-EFEE170AB660} = {406E4A04-22C7-4EB3-A8B9-BDD5DD6E7662}
		{6B2F53D6-2E65-41F3-AF63-94AAFCFEA6FD} = {CDD12657-D4CE-4C76-867E-679F6D9B8C52}
		{0F332CBB-DE24-44EB-BBC6-E59A1E6C7A05} = {CDD12657-D4CE-4C76-867E-679F6D9B8C52}
	EndGlobalSection
EndGlobal
